Terraform used the selected providers to generate the following execution plan.
Resource actions are indicated with the following symbols:
  + create

Terraform will perform the following actions:

  # azurerm_mssql_database.example will be created
  + resource "azurerm_mssql_database" "example" {
      + auto_pause_delay_in_minutes         = (known after apply)
      + collation                           = "SQL_Latin1_General_CP1_CI_AS"
      + create_mode                         = "Default"
      + creation_source_database_id         = (known after apply)
      + enclave_type                        = "VBS"
      + geo_backup_enabled                  = true
      + id                                  = (known after apply)
      + ledger_enabled                      = (known after apply)
      + license_type                        = "LicenseIncluded"
      + maintenance_configuration_name      = (known after apply)
      + max_size_gb                         = 4
      + min_capacity                        = (known after apply)
      + name                                = "example-db"
      + read_replica_count                  = (known after apply)
      + read_scale                          = true
      + restore_point_in_time               = (known after apply)
      + sample_name                         = (known after apply)
      + server_id                           = (known after apply)
      + sku_name                            = "S0"
      + storage_account_type                = "Geo"
      + tags                                = {
          + "foo" = "bar"
        }
      + transparent_data_encryption_enabled = true
      + zone_redundant                      = true
    }

  # azurerm_mssql_server.example will be created
  + resource "azurerm_mssql_server" "example" {
      + administrator_login                  = "4dm1n157r470r"
      + administrator_login_password         = (sensitive value)
      + connection_policy                    = "Default"
      + fully_qualified_domain_name          = (known after apply)
      + id                                   = (known after apply)
      + location                             = "westeurope"
      + minimum_tls_version                  = "1.2"
      + name                                 = "example-sqlserver"
      + outbound_network_restriction_enabled = false
      + primary_user_assigned_identity_id    = (known after apply)
      + public_network_access_enabled        = true
      + resource_group_name                  = "example-resources"
      + restorable_dropped_database_ids      = (known after apply)
      + version                              = "12.0"
    }

  # azurerm_resource_group.example will be created
  + resource "azurerm_resource_group" "example" {
      + id       = (known after apply)
      + location = "westeurope"
      + name     = "example-resources"
    }

  # azurerm_storage_account.example will be created
  + resource "azurerm_storage_account" "example" {
      + access_tier                        = (known after apply)
      + account_kind                       = "StorageV2"
      + account_replication_type           = "LRS"
      + account_tier                       = "Standard"
      + allow_nested_items_to_be_public    = true
      + cross_tenant_replication_enabled   = true
      + default_to_oauth_authentication    = false
      + enable_https_traffic_only          = true
      + id                                 = (known after apply)
      + infrastructure_encryption_enabled  = false
      + is_hns_enabled                     = false
      + large_file_share_enabled           = (known after apply)
      + location                           = "westeurope"
      + min_tls_version                    = "TLS1_2"
      + name                               = "examplesa"
      + nfsv3_enabled                      = false
      + primary_access_key                 = (sensitive value)
      + primary_blob_connection_string     = (sensitive value)
      + primary_blob_endpoint              = (known after apply)
      + primary_blob_host                  = (known after apply)
      + primary_blob_internet_endpoint     = (known after apply)
      + primary_blob_internet_host         = (known after apply)
      + primary_blob_microsoft_endpoint    = (known after apply)
      + primary_blob_microsoft_host        = (known after apply)
      + primary_connection_string          = (sensitive value)
      + primary_dfs_endpoint               = (known after apply)
      + primary_dfs_host                   = (known after apply)
      + primary_dfs_internet_endpoint      = (known after apply)
      + primary_dfs_internet_host          = (known after apply)
      + primary_dfs_microsoft_endpoint     = (known after apply)
      + primary_dfs_microsoft_host         = (known after apply)
      + primary_file_endpoint              = (known after apply)
      + primary_file_host                  = (known after apply)
      + primary_file_internet_endpoint     = (known after apply)
      + primary_file_internet_host         = (known after apply)
      + primary_file_microsoft_endpoint    = (known after apply)
      + primary_file_microsoft_host        = (known after apply)
      + primary_location                   = (known after apply)
      + primary_queue_endpoint             = (known after apply)
      + primary_queue_host                 = (known after apply)
      + primary_queue_microsoft_endpoint   = (known after apply)
      + primary_queue_microsoft_host       = (known after apply)
      + primary_table_endpoint             = (known after apply)
      + primary_table_host                 = (known after apply)
      + primary_table_microsoft_endpoint   = (known after apply)
      + primary_table_microsoft_host       = (known after apply)
      + primary_web_endpoint               = (known after apply)
      + primary_web_host                   = (known after apply)
      + primary_web_internet_endpoint      = (known after apply)
      + primary_web_internet_host          = (known after apply)
      + primary_web_microsoft_endpoint     = (known after apply)
      + primary_web_microsoft_host         = (known after apply)
      + public_network_access_enabled      = true
      + queue_encryption_key_type          = "Service"
      + resource_group_name                = "example-resources"
      + secondary_access_key               = (sensitive value)
      + secondary_blob_connection_string   = (sensitive value)
      + secondary_blob_endpoint            = (known after apply)
      + secondary_blob_host                = (known after apply)
      + secondary_blob_internet_endpoint   = (known after apply)
      + secondary_blob_internet_host       = (known after apply)
      + secondary_blob_microsoft_endpoint  = (known after apply)
      + secondary_blob_microsoft_host      = (known after apply)
      + secondary_connection_string        = (sensitive value)
      + secondary_dfs_endpoint             = (known after apply)
      + secondary_dfs_host                 = (known after apply)
      + secondary_dfs_internet_endpoint    = (known after apply)
      + secondary_dfs_internet_host        = (known after apply)
      + secondary_dfs_microsoft_endpoint   = (known after apply)
      + secondary_dfs_microsoft_host       = (known after apply)
      + secondary_file_endpoint            = (known after apply)
      + secondary_file_host                = (known after apply)
      + secondary_file_internet_endpoint   = (known after apply)
      + secondary_file_internet_host       = (known after apply)
      + secondary_file_microsoft_endpoint  = (known after apply)
      + secondary_file_microsoft_host      = (known after apply)
      + secondary_location                 = (known after apply)
      + secondary_queue_endpoint           = (known after apply)
      + secondary_queue_host               = (known after apply)
      + secondary_queue_microsoft_endpoint = (known after apply)
      + secondary_queue_microsoft_host     = (known after apply)
      + secondary_table_endpoint           = (known after apply)
      + secondary_table_host               = (known after apply)
      + secondary_table_microsoft_endpoint = (known after apply)
      + secondary_table_microsoft_host     = (known after apply)
      + secondary_web_endpoint             = (known after apply)
      + secondary_web_host                 = (known after apply)
      + secondary_web_internet_endpoint    = (known after apply)
      + secondary_web_internet_host        = (known after apply)
      + secondary_web_microsoft_endpoint   = (known after apply)
      + secondary_web_microsoft_host       = (known after apply)
      + sftp_enabled                       = false
      + shared_access_key_enabled          = true
      + table_encryption_key_type          = "Service"
    }

Plan: 4 to add, 0 to change, 0 to destroy.

