Terraform used the selected providers to generate the following execution plan. Resource actions are
indicated with the following symbols:
  + create

Terraform will perform the following actions:

  # module.network.azurerm_resource_group.example will be created
  + resource "azurerm_resource_group" "example" {
      + id       = (known after apply)
      + location = "eastus"
      + name     = "example-rg"
    }

  # module.network.azurerm_virtual_network.example will be created
  + resource "azurerm_virtual_network" "example" {
      + address_space       = [
          + "10.0.0.0/16",
        ]
      + dns_servers         = (known after apply)
      + guid                = (known after apply)
      + id                  = (known after apply)
      + location            = "eastus"
      + name                = "example-vnet"
      + resource_group_name = "example-rg"
      + subnet              = (known after apply)
    }

Plan: 2 to add, 0 to change, 0 to destroy.
