Terraform used the selected providers to generate the following execution plan.
Resource actions are indicated with the following symbols:
  + create

Terraform will perform the following actions:

  # azurerm_databricks_workspace.example will be created
  + resource "azurerm_databricks_workspace" "example" {
      + customer_managed_key_enabled          = false
      + disk_encryption_set_id                = (known after apply)
      + id                                    = (known after apply)
      + infrastructure_encryption_enabled     = false
      + location                              = "westeurope"
      + managed_disk_identity                 = (known after apply)
      + managed_resource_group_id             = (known after apply)
      + managed_resource_group_name           = (known after apply)
      + name                                  = "databricks-test"
      + network_security_group_rules_required = (known after apply)
      + public_network_access_enabled         = true
      + resource_group_name                   = "example-resources"
      + sku                                   = "standard"
      + storage_account_identity              = (known after apply)
      + tags                                  = {
          + "Environment" = "Production"
        }
      + workspace_id                          = (known after apply)
      + workspace_url                         = (known after apply)
    }

  # azurerm_resource_group.example will be created
  + resource "azurerm_resource_group" "example" {
      + id       = (known after apply)
      + location = "westeurope"
      + name     = "example-resources"
    }

Plan: 2 to add, 0 to change, 0 to destroy.