Terraform used the selected providers to generate the following execution plan.
Resource actions are indicated with the following symbols:
  + create

Terraform will perform the following actions:

  # azurerm_monitor_data_collection_endpoint.example will be created
  + resource "azurerm_monitor_data_collection_endpoint" "example" {
      + configuration_access_endpoint = (known after apply)
      + description                   = "monitor_data_collection_endpoint example"
      + id                            = (known after apply)
      + kind                          = "Windows"
      + location                      = "westeurope"
      + logs_ingestion_endpoint       = (known after apply)
      + name                          = "example-mdce"
      + public_network_access_enabled = true
      + resource_group_name           = "example-rg"
      + tags                          = {
          + "foo" = "bar"
        }
    }

  # azurerm_resource_group.example will be created
  + resource "azurerm_resource_group" "example" {
      + id       = (known after apply)
      + location = "westeurope"
      + name     = "example-rg"
    }

Plan: 2 to add, 0 to change, 0 to destroy.
